
Microsoft Visual Studio Solution File, Format Version 12.00
# Visual Studio Version 18
VisualStudioVersion = 18.3.11222.16 d18.3
MinimumVisualStudioVersion = 10.0.40219.1
Project("{FAE04EC0-301F-11D3-BF4B-00C04F79EFBC}") = "Applicativo_Ardente", "Applicativo_Ardente\Applicativo_Ardente.csproj", "{8660C003-0362-4EA7-B304-C8587CD303B7}"
EndProject
Project("{FAE04EC0-301F-11D3-BF4B-00C04F79EFBC}") = "Unit_Test_AT", "TestProject1\Unit_Test_AT.csproj", "{3CE3D65D-9C53-4143-AE10-CF6D6738E719}"
EndProject
Global
	GlobalSection(SolutionConfigurationPlatforms) = preSolution
		Debug|Any CPU = Debug|Any CPU
		Release|Any CPU = Release|Any CPU
	EndGlobalSection
	GlobalSection(ProjectConfigurationPlatforms) = postSolution
		{8660C003-0362-4EA7-B304-C8587CD303B7}.Debug|Any CPU.ActiveCfg = Debug|Any CPU
		{8660C003-0362-4EA7-B304-C8587CD303B7}.Debug|Any CPU.Build.0 = Debug|Any CPU
		{8660C003-0362-4EA7-B304-C8587CD303B7}.Release|Any CPU.ActiveCfg = Release|Any CPU
		{8660C003-0362-4EA7-B304-C8587CD303B7}.Release|Any CPU.Build.0 = Release|Any CPU
		{3CE3D65D-9C53-4143-AE10-CF6D6738E719}.Debug|Any CPU.ActiveCfg = Debug|Any CPU
		{3CE3D65D-9C53-4143-AE10-CF6D6738E719}.Debug|Any CPU.Build.0 = Debug|Any CPU
		{3CE3D65D-9C53-4143-AE10-CF6D6738E719}.Release|Any CPU.ActiveCfg = Release|Any CPU
		{3CE3D65D-9C53-4143-AE10-CF6D6738E719}.Release|Any CPU.Build.0 = Release|Any CPU
	EndGlobalSection
	GlobalSection(SolutionProperties) = preSolution
		HideSolutionNode = FALSE
	EndGlobalSection
	GlobalSection(ExtensibilityGlobals) = postSolution
		SolutionGuid = {85969C22-0B8E-4139-BE00-F8606CA25E25}
	EndGlobalSection
EndGlobal
